
Microsoft Visual Studio Solution File, Format Version 12.00
# Visual Studio Version 17
VisualStudioVersion = 17.7.34031.279
MinimumVisualStudioVersion = 10.0.40219.1
Project("{FAE04EC0-301F-11D3-BF4B-00C04F79EFBC}") = "NetCore Web Api", "NetCore Web Api\NetCore Web Api.csproj", "{97A4D42C-6331-48EE-940D-FB85AE9091CB}"
EndProject
Global
	GlobalSection(SolutionConfigurationPlatforms) = preSolution
		Debug|Any CPU = Debug|Any CPU
		Release|Any CPU = Release|Any CPU
	EndGlobalSection
	GlobalSection(ProjectConfigurationPlatforms) = postSolution
		{97A4D42C-6331-48EE-940D-FB85AE9091CB}.Debug|Any CPU.ActiveCfg = Debug|Any CPU
		{97A4D42C-6331-48EE-940D-FB85AE9091CB}.Debug|Any CPU.Build.0 = Debug|Any CPU
		{97A4D42C-6331-48EE-940D-FB85AE9091CB}.Release|Any CPU.ActiveCfg = Release|Any CPU
		{97A4D42C-6331-48EE-940D-FB85AE9091CB}.Release|Any CPU.Build.0 = Release|Any CPU
	EndGlobalSection
	GlobalSection(SolutionProperties) = preSolution
		HideSolutionNode = FALSE
	EndGlobalSection
	GlobalSection(ExtensibilityGlobals) = postSolution
		SolutionGuid = {F89709A4-976F-4371-A0AE-0BAA0F28E56D}
	EndGlobalSection
EndGlobal
